{
  "name": "wombat-e2e",
  "version": "1.0.0",
  "lockfileVersion": 2,
  "requires": true,
  "packages": {
    "": {
      "name": "wombat-e2e",
      "version": "1.0.0",
      "license": "ISC",
      "dependencies": {
        "@faker-js/faker": "^9.5.1",
        "dotenv": "^16.4.7",
        "faker": "^6.6.6"
      },
      "devDependencies": {
        "@playwright/test": "^1.51.0",
        "@types/node": "^22.13.4"
      }
    },
    "node_modules/.pnpm/@playwright+test@1.50.1": {
      "extraneous": true
    },
    "node_modules/.pnpm/@types+node@22.13.4": {
      "dev": true
    },
    "node_modules/.pnpm/@types+node@22.13.4/node_modules/@types/node": {
      "version": "22.13.4",
      "dev": true,
      "license": "MIT",
      "dependencies": {
        "undici-types": "~6.20.0"
      }
    },
    "node_modules/.pnpm/@types+node@22.13.4/node_modules/undici-types": {
      "resolved": "node_modules/.pnpm/undici-types@6.20.0/node_modules/undici-types",
      "link": true
    },
    "node_modules/.pnpm/playwright-core@1.50.1/node_modules/playwright-core": {
      "version": "1.50.1",
      "extraneous": true,
      "license": "Apache-2.0",
      "bin": {
        "playwright-core": "cli.js"
      },
      "engines": {
        "node": ">=18"
      }
    },
    "node_modules/.pnpm/playwright@1.50.1": {
      "extraneous": true
    },
    "node_modules/.pnpm/undici-types@6.20.0/node_modules/undici-types": {
      "version": "6.20.0",
      "dev": true,
      "license": "MIT"
    },
    "node_modules/@faker-js/faker": {
      "version": "9.5.1",
      "resolved": "https://registry.npmjs.org/@faker-js/faker/-/faker-9.5.1.tgz",
      "integrity": "sha512-0fzMEDxkExR2cn731kpDaCCnBGBUOIXEi2S1N5l8Hltp6aPf4soTMJ+g4k8r2sI5oB+rpwIW8Uy/6jkwGpnWPg==",
      "funding": [
        {
          "type": "opencollective",
          "url": "https://opencollective.com/fakerjs"
        }
      ],
      "engines": {
        "node": ">=18.0.0",
        "npm": ">=9.0.0"
      }
    },
    "node_modules/@playwright/test": {
      "version": "1.51.0",
      "resolved": "https://registry.npmjs.org/@playwright/test/-/test-1.51.0.tgz",
      "integrity": "sha512-dJ0dMbZeHhI+wb77+ljx/FeC8VBP6j/rj9OAojO08JI80wTZy6vRk9KvHKiDCUh4iMpEiseMgqRBIeW+eKX6RA==",
      "dev": true,
      "license": "Apache-2.0",
      "dependencies": {
        "playwright": "1.51.0"
      },
      "bin": {
        "playwright": "cli.js"
      },
      "engines": {
        "node": ">=18"
      }
    },
    "node_modules/@types/node": {
      "resolved": "node_modules/.pnpm/@types+node@22.13.4/node_modules/@types/node",
      "link": true
    },
    "node_modules/dotenv": {
      "version": "16.4.7",
      "resolved": "https://registry.npmjs.org/dotenv/-/dotenv-16.4.7.tgz",
      "integrity": "sha512-47qPchRCykZC03FhkYAhrvwU4xDBFIj1QPqaarj6mdM/hgUzfPHcpkHJOn3mJAufFeeAxAzeGsr5X0M4k6fLZQ==",
      "license": "BSD-2-Clause",
      "engines": {
        "node": ">=12"
      },
      "funding": {
        "url": "https://dotenvx.com"
      }
    },
    "node_modules/faker": {
      "version": "6.6.6",
      "resolved": "https://registry.npmjs.org/faker/-/faker-6.6.6.tgz",
      "integrity": "sha512-9tCqYEDHI5RYFQigXFwF1hnCwcWCOJl/hmll0lr5D2Ljjb0o4wphb69wikeJDz5qCEzXCoPvG6ss5SDP6IfOdg=="
    },
    "node_modules/playwright": {
      "version": "1.51.0",
      "resolved": "https://registry.npmjs.org/playwright/-/playwright-1.51.0.tgz",
      "integrity": "sha512-442pTfGM0xxfCYxuBa/Pu6B2OqxqqaYq39JS8QDMGThUvIOCd6s0ANDog3uwA0cHavVlnTQzGCN7Id2YekDSXA==",
      "dev": true,
      "license": "Apache-2.0",
      "dependencies": {
        "playwright-core": "1.51.0"
      },
      "bin": {
        "playwright": "cli.js"
      },
      "engines": {
        "node": ">=18"
      },
      "optionalDependencies": {
        "fsevents": "2.3.2"
      }
    },
    "node_modules/playwright-core": {
      "version": "1.51.0",
      "resolved": "https://registry.npmjs.org/playwright-core/-/playwright-core-1.51.0.tgz",
      "integrity": "sha512-x47yPE3Zwhlil7wlNU/iktF7t2r/URR3VLbH6EknJd/04Qc/PSJ0EY3CMXipmglLG+zyRxW6HNo2EGbKLHPWMg==",
      "dev": true,
      "license": "Apache-2.0",
      "bin": {
        "playwright-core": "cli.js"
      },
      "engines": {
        "node": ">=18"
      }
    },
    "node_modules/playwright/node_modules/fsevents": {
      "version": "2.3.2",
      "resolved": "https://registry.npmjs.org/fsevents/-/fsevents-2.3.2.tgz",
      "integrity": "sha512-xiqMQR4xAeHTuB9uWm+fFRcIOgKBMiOBP+eXiyT7jsgVCq1bkVygt00oASowB7EdtpOHaaPgKt812P9ab+DDKA==",
      "dev": true,
      "hasInstallScript": true,
      "license": "MIT",
      "optional": true,
      "os": [
        "darwin"
      ],
      "engines": {
        "node": "^8.16.0 || ^10.6.0 || >=11.0.0"
      }
    }
  },
  "dependencies": {
    "@faker-js/faker": {
      "version": "9.5.1",
      "resolved": "https://registry.npmjs.org/@faker-js/faker/-/faker-9.5.1.tgz",
      "integrity": "sha512-0fzMEDxkExR2cn731kpDaCCnBGBUOIXEi2S1N5l8Hltp6aPf4soTMJ+g4k8r2sI5oB+rpwIW8Uy/6jkwGpnWPg=="
    },
    "@playwright/test": {
      "version": "1.51.0",
      "resolved": "https://registry.npmjs.org/@playwright/test/-/test-1.51.0.tgz",
      "integrity": "sha512-dJ0dMbZeHhI+wb77+ljx/FeC8VBP6j/rj9OAojO08JI80wTZy6vRk9KvHKiDCUh4iMpEiseMgqRBIeW+eKX6RA==",
      "dev": true,
      "requires": {
        "playwright": "1.51.0"
      }
    },
    "@types/node": {
      "version": "file:node_modules/.pnpm/@types+node@22.13.4/node_modules/@types/node",
      "requires": {
        "undici-types": "~6.20.0"
      }
    },
    "dotenv": {
      "version": "16.4.7",
      "resolved": "https://registry.npmjs.org/dotenv/-/dotenv-16.4.7.tgz",
      "integrity": "sha512-47qPchRCykZC03FhkYAhrvwU4xDBFIj1QPqaarj6mdM/hgUzfPHcpkHJOn3mJAufFeeAxAzeGsr5X0M4k6fLZQ=="
    },
    "faker": {
      "version": "6.6.6",
      "resolved": "https://registry.npmjs.org/faker/-/faker-6.6.6.tgz",
      "integrity": "sha512-9tCqYEDHI5RYFQigXFwF1hnCwcWCOJl/hmll0lr5D2Ljjb0o4wphb69wikeJDz5qCEzXCoPvG6ss5SDP6IfOdg=="
    },
    "playwright": {
      "version": "1.51.0",
      "resolved": "https://registry.npmjs.org/playwright/-/playwright-1.51.0.tgz",
      "integrity": "sha512-442pTfGM0xxfCYxuBa/Pu6B2OqxqqaYq39JS8QDMGThUvIOCd6s0ANDog3uwA0cHavVlnTQzGCN7Id2YekDSXA==",
      "dev": true,
      "requires": {
        "fsevents": "2.3.2",
        "playwright-core": "1.51.0"
      },
      "dependencies": {
        "fsevents": {
          "version": "2.3.2",
          "resolved": "https://registry.npmjs.org/fsevents/-/fsevents-2.3.2.tgz",
          "integrity": "sha512-xiqMQR4xAeHTuB9uWm+fFRcIOgKBMiOBP+eXiyT7jsgVCq1bkVygt00oASowB7EdtpOHaaPgKt812P9ab+DDKA==",
          "dev": true,
          "optional": true
        }
      }
    },
    "playwright-core": {
      "version": "1.51.0",
      "resolved": "https://registry.npmjs.org/playwright-core/-/playwright-core-1.51.0.tgz",
      "integrity": "sha512-x47yPE3Zwhlil7wlNU/iktF7t2r/URR3VLbH6EknJd/04Qc/PSJ0EY3CMXipmglLG+zyRxW6HNo2EGbKLHPWMg==",
      "dev": true
    }
  }
}
